
Microsoft Visual Studio Solution File, Format Version 12.00
# Visual Studio Version 16
VisualStudioVersion = 16.0.32510.428
MinimumVisualStudioVersion = 10.0.40219.1
Project("{FAE04EC0-301F-11D3-BF4B-00C04F79EFBC}") = "ExercicioLista", "ExercicioLista\ExercicioLista.csproj", "{569A698D-C4AD-458F-BC05-45B97651FD93}"
EndProject
Global
	GlobalSection(SolutionConfigurationPlatforms) = preSolution
		Debug|Any CPU = Debug|Any CPU
		Release|Any CPU = Release|Any CPU
	EndGlobalSection
	GlobalSection(ProjectConfigurationPlatforms) = postSolution
		{569A698D-C4AD-458F-BC05-45B97651FD93}.Debug|Any CPU.ActiveCfg = Debug|Any CPU
		{569A698D-C4AD-458F-BC05-45B97651FD93}.Debug|Any CPU.Build.0 = Debug|Any CPU
		{569A698D-C4AD-458F-BC05-45B97651FD93}.Release|Any CPU.ActiveCfg = Release|Any CPU
		{569A698D-C4AD-458F-BC05-45B97651FD93}.Release|Any CPU.Build.0 = Release|Any CPU
	EndGlobalSection
	GlobalSection(SolutionProperties) = preSolution
		HideSolutionNode = FALSE
	EndGlobalSection
	GlobalSection(ExtensibilityGlobals) = postSolution
		SolutionGuid = {217CAE0F-81F8-443F-8202-E34117E4DABA}
	EndGlobalSection
EndGlobal
