
Microsoft Visual Studio Solution File, Format Version 12.00
# Visual Studio Version 16
VisualStudioVersion = 16.0.32510.428
MinimumVisualStudioVersion = 10.0.40219.1
Project("{FAE04EC0-301F-11D3-BF4B-00C04F79EFBC}") = "MoedasTipos", "MoedasTipos\MoedasTipos.csproj", "{ABFD84D7-0765-4DD6-8252-5CFCBD047514}"
EndProject
Global
	GlobalSection(SolutionConfigurationPlatforms) = preSolution
		Debug|Any CPU = Debug|Any CPU
		Release|Any CPU = Release|Any CPU
	EndGlobalSection
	GlobalSection(ProjectConfigurationPlatforms) = postSolution
		{ABFD84D7-0765-4DD6-8252-5CFCBD047514}.Debug|Any CPU.ActiveCfg = Debug|Any CPU
		{ABFD84D7-0765-4DD6-8252-5CFCBD047514}.Debug|Any CPU.Build.0 = Debug|Any CPU
		{ABFD84D7-0765-4DD6-8252-5CFCBD047514}.Release|Any CPU.ActiveCfg = Release|Any CPU
		{ABFD84D7-0765-4DD6-8252-5CFCBD047514}.Release|Any CPU.Build.0 = Release|Any CPU
	EndGlobalSection
	GlobalSection(SolutionProperties) = preSolution
		HideSolutionNode = FALSE
	EndGlobalSection
	GlobalSection(ExtensibilityGlobals) = postSolution
		SolutionGuid = {467EF2F0-C300-4FFF-92D9-A0683A10D5A0}
	EndGlobalSection
EndGlobal
