
Microsoft Visual Studio Solution File, Format Version 12.00
# Visual Studio Version 16
VisualStudioVersion = 16.0.32510.428
MinimumVisualStudioVersion = 10.0.40219.1
Project("{FAE04EC0-301F-11D3-BF4B-00C04F79EFBC}") = "ExercicioVetor", "ExercicioVetor\ExercicioVetor.csproj", "{0B1DEEDB-36A1-4064-80BE-D353BC8ED6E3}"
EndProject
Global
	GlobalSection(SolutionConfigurationPlatforms) = preSolution
		Debug|Any CPU = Debug|Any CPU
		Release|Any CPU = Release|Any CPU
	EndGlobalSection
	GlobalSection(ProjectConfigurationPlatforms) = postSolution
		{0B1DEEDB-36A1-4064-80BE-D353BC8ED6E3}.Debug|Any CPU.ActiveCfg = Debug|Any CPU
		{0B1DEEDB-36A1-4064-80BE-D353BC8ED6E3}.Debug|Any CPU.Build.0 = Debug|Any CPU
		{0B1DEEDB-36A1-4064-80BE-D353BC8ED6E3}.Release|Any CPU.ActiveCfg = Release|Any CPU
		{0B1DEEDB-36A1-4064-80BE-D353BC8ED6E3}.Release|Any CPU.Build.0 = Release|Any CPU
	EndGlobalSection
	GlobalSection(SolutionProperties) = preSolution
		HideSolutionNode = FALSE
	EndGlobalSection
	GlobalSection(ExtensibilityGlobals) = postSolution
		SolutionGuid = {B6E3FA4E-CFEA-493A-9549-A614B954E86D}
	EndGlobalSection
EndGlobal
