
Microsoft Visual Studio Solution File, Format Version 12.00
# Visual Studio Version 16
VisualStudioVersion = 16.0.32510.428
MinimumVisualStudioVersion = 10.0.40219.1
Project("{FAE04EC0-301F-11D3-BF4B-00C04F79EFBC}") = "Rotas", "Rotas\Rotas.csproj", "{6FFEAF02-1EAF-4CF8-85A4-1A649DA44669}"
EndProject
Global
	GlobalSection(SolutionConfigurationPlatforms) = preSolution
		Debug|Any CPU = Debug|Any CPU
		Release|Any CPU = Release|Any CPU
	EndGlobalSection
	GlobalSection(ProjectConfigurationPlatforms) = postSolution
		{6FFEAF02-1EAF-4CF8-85A4-1A649DA44669}.Debug|Any CPU.ActiveCfg = Debug|Any CPU
		{6FFEAF02-1EAF-4CF8-85A4-1A649DA44669}.Debug|Any CPU.Build.0 = Debug|Any CPU
		{6FFEAF02-1EAF-4CF8-85A4-1A649DA44669}.Release|Any CPU.ActiveCfg = Release|Any CPU
		{6FFEAF02-1EAF-4CF8-85A4-1A649DA44669}.Release|Any CPU.Build.0 = Release|Any CPU
	EndGlobalSection
	GlobalSection(SolutionProperties) = preSolution
		HideSolutionNode = FALSE
	EndGlobalSection
	GlobalSection(ExtensibilityGlobals) = postSolution
		SolutionGuid = {AB3E5FD6-BFF9-4915-89B1-1397F489C806}
	EndGlobalSection
EndGlobal
