
Microsoft Visual Studio Solution File, Format Version 12.00
# Visual Studio Version 16
VisualStudioVersion = 16.0.32510.428
MinimumVisualStudioVersion = 10.0.40219.1
Project("{FAE04EC0-301F-11D3-BF4B-00C04F79EFBC}") = "ExercicioContaBancaria", "ExercicioContaBancaria\ExercicioContaBancaria.csproj", "{51460251-62DC-48FC-B144-52788179A7C2}"
EndProject
Global
	GlobalSection(SolutionConfigurationPlatforms) = preSolution
		Debug|Any CPU = Debug|Any CPU
		Release|Any CPU = Release|Any CPU
	EndGlobalSection
	GlobalSection(ProjectConfigurationPlatforms) = postSolution
		{51460251-62DC-48FC-B144-52788179A7C2}.Debug|Any CPU.ActiveCfg = Debug|Any CPU
		{51460251-62DC-48FC-B144-52788179A7C2}.Debug|Any CPU.Build.0 = Debug|Any CPU
		{51460251-62DC-48FC-B144-52788179A7C2}.Release|Any CPU.ActiveCfg = Release|Any CPU
		{51460251-62DC-48FC-B144-52788179A7C2}.Release|Any CPU.Build.0 = Release|Any CPU
	EndGlobalSection
	GlobalSection(SolutionProperties) = preSolution
		HideSolutionNode = FALSE
	EndGlobalSection
	GlobalSection(ExtensibilityGlobals) = postSolution
		SolutionGuid = {647BF60E-7FED-4F62-953E-FB5C573EE241}
	EndGlobalSection
EndGlobal
